<?xml version="1.0" encoding="utf-8"?>
<Project ToolsVersion="4.0" xmlns="http://schemas.microsoft.com/developer/msbuild/2003">
  <ItemGroup>
    <Filter Include="소스 파일">
      <UniqueIdentifier>{4FC737F1-C7A5-4376-A066-2A32D752A2FF}</UniqueIdentifier>
      <Extensions>cpp;c;cc;cxx;def;odl;idl;hpj;bat;asm;asmx</Extensions>
    </Filter>
    <Filter Include="헤더 파일">
      <UniqueIdentifier>{93995380-89BD-4b04-88EB-625FBE52EBFB}</UniqueIdentifier>
      <Extensions>h;hpp;hxx;hm;inl;inc;xsd</Extensions>
    </Filter>
    <Filter Include="리소스 파일">
      <UniqueIdentifier>{67DA6AB6-F800-4c08-8B7A-83BB121AAD01}</UniqueIdentifier>
      <Extensions>rc;ico;cur;bmp;dlg;rc2;rct;bin;rgs;gif;jpg;jpeg;jpe;resx;tiff;tif;png;wav;mfcribbon-ms</Extensions>
    </Filter>
    <Filter Include="DNF">
      <UniqueIdentifier>{ae4b7d32-b70e-4fc6-9c03-95d71c6867da}</UniqueIdentifier>
    </Filter>
    <Filter Include="DNF\Parent">
      <UniqueIdentifier>{f2167a13-c197-496c-a214-ee19f969dcce}</UniqueIdentifier>
    </Filter>
    <Filter Include="DNF\Objects">
      <UniqueIdentifier>{c1dfa944-54f5-4f87-a09c-b2168e732751}</UniqueIdentifier>
    </Filter>
  </ItemGroup>
  <ItemGroup>
    <ClCompile Include="source.cpp">
      <Filter>소스 파일</Filter>
    </ClCompile>
    <ClCompile Include="Object.cpp">
      <Filter>DNF\Parent</Filter>
    </ClCompile>
    <ClCompile Include="Header.cpp">
      <Filter>헤더 파일</Filter>
    </ClCompile>
    <ClCompile Include="Object_Background.cpp">
      <Filter>DNF\Objects</Filter>
    </ClCompile>
    <ClCompile Include="Object_Hero.cpp">
      <Filter>DNF\Objects</Filter>
    </ClCompile>
  </ItemGroup>
  <ItemGroup>
    <ClInclude Include="resource.h">
      <Filter>헤더 파일</Filter>
    </ClInclude>
    <ClInclude Include="Object.h">
      <Filter>DNF\Parent</Filter>
    </ClInclude>
    <ClInclude Include="Header.h">
      <Filter>헤더 파일</Filter>
    </ClInclude>
    <ClInclude Include="Object_Background.h">
      <Filter>DNF\Objects</Filter>
    </ClInclude>
    <ClInclude Include="Object_Hero.h">
      <Filter>DNF\Objects</Filter>
    </ClInclude>
  </ItemGroup>
  <ItemGroup>
    <ResourceCompile Include="MySchoolProject_DF.rc">
      <Filter>리소스 파일</Filter>
    </ResourceCompile>
  </ItemGroup>
  <ItemGroup>
    <None Include="res\1player.bmp">
      <Filter>리소스 파일</Filter>
    </None>
    <None Include="res\bgaSky.bmp">
      <Filter>리소스 파일</Filter>
    </None>
    <None Include="res\bgaTower.bmp">
      <Filter>리소스 파일</Filter>
    </None>
    <None Include="res\box.bmp">
      <Filter>리소스 파일</Filter>
    </None>
    <None Include="res\bullet.bmp">
      <Filter>리소스 파일</Filter>
    </None>
    <None Include="res\effect.bmp">
      <Filter>리소스 파일</Filter>
    </None>
    <None Include="res\enemy.bmp">
      <Filter>리소스 파일</Filter>
    </None>
    <None Include="res\shadow.bmp">
      <Filter>리소스 파일</Filter>
    </None>
  </ItemGroup>
</Project>